
Microsoft Visual Studio Solution File, Format Version 12.00
# Visual Studio Version 17
VisualStudioVersion = 17.3.32804.467
MinimumVisualStudioVersion = 10.0.40219.1
Project("{9A19103F-16F7-4668-BE54-9A1E7A4F7556}") = "Woodpusher", "Woodpusher\Woodpusher.csproj", "{89E09460-BFA3-4AB8-A148-05DDCDBD2CF0}"
EndProject
Project("{9A19103F-16F7-4668-BE54-9A1E7A4F7556}") = "ModelTests", "ModelTests\ModelTests.csproj", "{1D8D83F6-DE66-426B-8CD0-998545BF13B4}"
EndProject
Project("{9A19103F-16F7-4668-BE54-9A1E7A4F7556}") = "Model", "Model\Model.csproj", "{6195EDAE-2FA9-4F91-856D-DD4D26760B05}"
EndProject
Project("{9A19103F-16F7-4668-BE54-9A1E7A4F7556}") = "Engine", "Engine\Engine.csproj", "{32525CCB-CF17-4CA9-B013-3D703F9C44BE}"
EndProject
Project("{9A19103F-16F7-4668-BE54-9A1E7A4F7556}") = "EngineTests", "EngineTests\EngineTests.csproj", "{9C271395-DA23-45D6-BA13-00273EBFDFD4}"
EndProject
Project("{9A19103F-16F7-4668-BE54-9A1E7A4F7556}") = "Common", "Common\Common.csproj", "{3586EDB4-C786-408F-B905-5679275BC747}"
EndProject
Project("{FAE04EC0-301F-11D3-BF4B-00C04F79EFBC}") = "CommonTests", "CommonTests\CommonTests.csproj", "{77D44D92-873D-427C-8D34-DF507CF1C1D1}"
EndProject
Global
	GlobalSection(SolutionConfigurationPlatforms) = preSolution
		Debug|Any CPU = Debug|Any CPU
		Release|Any CPU = Release|Any CPU
	EndGlobalSection
	GlobalSection(ProjectConfigurationPlatforms) = postSolution
		{89E09460-BFA3-4AB8-A148-05DDCDBD2CF0}.Debug|Any CPU.ActiveCfg = Debug|Any CPU
		{89E09460-BFA3-4AB8-A148-05DDCDBD2CF0}.Debug|Any CPU.Build.0 = Debug|Any CPU
		{89E09460-BFA3-4AB8-A148-05DDCDBD2CF0}.Release|Any CPU.ActiveCfg = Release|Any CPU
		{89E09460-BFA3-4AB8-A148-05DDCDBD2CF0}.Release|Any CPU.Build.0 = Release|Any CPU
		{1D8D83F6-DE66-426B-8CD0-998545BF13B4}.Debug|Any CPU.ActiveCfg = Debug|Any CPU
		{1D8D83F6-DE66-426B-8CD0-998545BF13B4}.Debug|Any CPU.Build.0 = Debug|Any CPU
		{1D8D83F6-DE66-426B-8CD0-998545BF13B4}.Release|Any CPU.ActiveCfg = Release|Any CPU
		{1D8D83F6-DE66-426B-8CD0-998545BF13B4}.Release|Any CPU.Build.0 = Release|Any CPU
		{6195EDAE-2FA9-4F91-856D-DD4D26760B05}.Debug|Any CPU.ActiveCfg = Debug|Any CPU
		{6195EDAE-2FA9-4F91-856D-DD4D26760B05}.Debug|Any CPU.Build.0 = Debug|Any CPU
		{6195EDAE-2FA9-4F91-856D-DD4D26760B05}.Release|Any CPU.ActiveCfg = Release|Any CPU
		{6195EDAE-2FA9-4F91-856D-DD4D26760B05}.Release|Any CPU.Build.0 = Release|Any CPU
		{32525CCB-CF17-4CA9-B013-3D703F9C44BE}.Debug|Any CPU.ActiveCfg = Debug|Any CPU
		{32525CCB-CF17-4CA9-B013-3D703F9C44BE}.Debug|Any CPU.Build.0 = Debug|Any CPU
		{32525CCB-CF17-4CA9-B013-3D703F9C44BE}.Release|Any CPU.ActiveCfg = Release|Any CPU
		{32525CCB-CF17-4CA9-B013-3D703F9C44BE}.Release|Any CPU.Build.0 = Release|Any CPU
		{9C271395-DA23-45D6-BA13-00273EBFDFD4}.Debug|Any CPU.ActiveCfg = Debug|Any CPU
		{9C271395-DA23-45D6-BA13-00273EBFDFD4}.Debug|Any CPU.Build.0 = Debug|Any CPU
		{9C271395-DA23-45D6-BA13-00273EBFDFD4}.Release|Any CPU.ActiveCfg = Release|Any CPU
		{9C271395-DA23-45D6-BA13-00273EBFDFD4}.Release|Any CPU.Build.0 = Release|Any CPU
		{3586EDB4-C786-408F-B905-5679275BC747}.Debug|Any CPU.ActiveCfg = Debug|Any CPU
		{3586EDB4-C786-408F-B905-5679275BC747}.Debug|Any CPU.Build.0 = Debug|Any CPU
		{3586EDB4-C786-408F-B905-5679275BC747}.Release|Any CPU.ActiveCfg = Release|Any CPU
		{3586EDB4-C786-408F-B905-5679275BC747}.Release|Any CPU.Build.0 = Release|Any CPU
		{77D44D92-873D-427C-8D34-DF507CF1C1D1}.Debug|Any CPU.ActiveCfg = Debug|Any CPU
		{77D44D92-873D-427C-8D34-DF507CF1C1D1}.Debug|Any CPU.Build.0 = Debug|Any CPU
		{77D44D92-873D-427C-8D34-DF507CF1C1D1}.Release|Any CPU.ActiveCfg = Release|Any CPU
		{77D44D92-873D-427C-8D34-DF507CF1C1D1}.Release|Any CPU.Build.0 = Release|Any CPU
	EndGlobalSection
	GlobalSection(SolutionProperties) = preSolution
		HideSolutionNode = FALSE
	EndGlobalSection
	GlobalSection(ExtensibilityGlobals) = postSolution
		SolutionGuid = {3A6F2E4A-B534-4515-A853-309A86E07D98}
	EndGlobalSection
EndGlobal
